<?xml version="1.0"?>
<!DOCTYPE CodeBlocks_project_file>
<CodeBlocks_project_file>
	<FileVersion major="1" minor="1"/>
	<Project>
		<Option title="TP1-2009"/>
		<Option makefile="Makefile"/>
		<Option makefile_is_custom="0"/>
		<Option compiler="0"/>
		<Build>
			<Target title="default">
				<Option output="D:\Fepe\Facultad\Algoritmos II\TP\TP1-1C-2009\TP1-1C-2009.exe"/>
				<Option working_dir="."/>
				<Option object_output=".objs"/>
				<Option deps_output=".deps"/>
				<Option type="1"/>
				<Option compiler="0"/>
				<Option projectResourceIncludeDirsRelation="1"/>
			</Target>
		</Build>
		<Unit filename="TDA_DocumentoDeCodigo.c">
			<Option compilerVar="CC"/>
			<Option target="default"/>
		</Unit>
		<Unit filename="TDA_DocumentoDeCodigo.h">
			<Option compilerVar=""/>
			<Option compile="0"/>
			<Option link="0"/>
			<Option target="default"/>
		</Unit>
		<Unit filename="getString.c">
			<Option compilerVar="CC"/>
			<Option target="default"/>
		</Unit>
		<Unit filename="getString.h">
			<Option compilerVar=""/>
			<Option compile="0"/>
			<Option link="0"/>
			<Option target="default"/>
		</Unit>
		<Unit filename="main.c">
			<Option compilerVar="CC"/>
			<Option target="default"/>
		</Unit>
		<Unit filename="var_array.c">
			<Option compilerVar="CC"/>
			<Option target="default"/>
		</Unit>
		<Unit filename="var_array.h">
			<Option compilerVar=""/>
			<Option compile="0"/>
			<Option link="0"/>
			<Option target="default"/>
		</Unit>
	</Project>
</CodeBlocks_project_file>
